
Microsoft Visual Studio Solution File, Format Version 12.00
# Visual Studio Version 17
VisualStudioVersion = 17.5.002.0
MinimumVisualStudioVersion = 10.0.40219.1
Project("{9A19103F-16F7-4668-BE54-9A1E7A4F7556}") = "DemoTestConsole", "DemoTestConsole.csproj", "{792A5D49-FAC2-4760-9799-7606FA76BCEC}"
EndProject
Global
	GlobalSection(SolutionConfigurationPlatforms) = preSolution
		Debug|Any CPU = Debug|Any CPU
		Release|Any CPU = Release|Any CPU
	EndGlobalSection
	GlobalSection(ProjectConfigurationPlatforms) = postSolution
		{792A5D49-FAC2-4760-9799-7606FA76BCEC}.Debug|Any CPU.ActiveCfg = Debug|Any CPU
		{792A5D49-FAC2-4760-9799-7606FA76BCEC}.Debug|Any CPU.Build.0 = Debug|Any CPU
		{792A5D49-FAC2-4760-9799-7606FA76BCEC}.Release|Any CPU.ActiveCfg = Release|Any CPU
		{792A5D49-FAC2-4760-9799-7606FA76BCEC}.Release|Any CPU.Build.0 = Release|Any CPU
	EndGlobalSection
	GlobalSection(SolutionProperties) = preSolution
		HideSolutionNode = FALSE
	EndGlobalSection
	GlobalSection(ExtensibilityGlobals) = postSolution
		SolutionGuid = {9D8644CA-29CC-480A-BAE6-7DEC963A8382}
	EndGlobalSection
EndGlobal
